
Microsoft Visual Studio Solution File, Format Version 12.00
# Visual Studio Version 17
VisualStudioVersion = 17.6.33815.320
MinimumVisualStudioVersion = 10.0.40219.1
Project("{FAE04EC0-301F-11D3-BF4B-00C04F79EFBC}") = "Project", "Project\Project.csproj", "{C2374D0A-25B2-4766-A600-F788FA65A0E3}"
EndProject
Global
	GlobalSection(SolutionConfigurationPlatforms) = preSolution
		Debug|Any CPU = Debug|Any CPU
		Release|Any CPU = Release|Any CPU
	EndGlobalSection
	GlobalSection(ProjectConfigurationPlatforms) = postSolution
		{C2374D0A-25B2-4766-A600-F788FA65A0E3}.Debug|Any CPU.ActiveCfg = Debug|Any CPU
		{C2374D0A-25B2-4766-A600-F788FA65A0E3}.Debug|Any CPU.Build.0 = Debug|Any CPU
		{C2374D0A-25B2-4766-A600-F788FA65A0E3}.Release|Any CPU.ActiveCfg = Release|Any CPU
		{C2374D0A-25B2-4766-A600-F788FA65A0E3}.Release|Any CPU.Build.0 = Release|Any CPU
	EndGlobalSection
	GlobalSection(SolutionProperties) = preSolution
		HideSolutionNode = FALSE
	EndGlobalSection
	GlobalSection(ExtensibilityGlobals) = postSolution
		SolutionGuid = {637347F0-DD9A-4485-A46A-BAEFB8AA868F}
	EndGlobalSection
EndGlobal
